{
  "name": "goit-js-hw-07",
  "lockfileVersion": 2,
  "requires": true,
  "packages": {
    "": {
      "dependencies": {
        "basiclightbox": "^5.0.4",
        "simplelightbox": "^2.12.1"
      },
      "devDependencies": {
        "@types/basiclightbox": "^5.0.1"
      }
    },
    "node_modules/@types/basiclightbox": {
      "version": "5.0.1",
      "resolved": "https://registry.npmjs.org/@types/basiclightbox/-/basiclightbox-5.0.1.tgz",
      "integrity": "sha512-77kVrFQyD76bD6uMlYiAAUjZkbO0YrOWT/fYYxHzFtR+CQ32jVhwClCkIbkQJ81uYFaBgJZhyzxKIrd8s85B3A==",
      "dev": true
    },
    "node_modules/basiclightbox": {
      "version": "5.0.4",
      "resolved": "https://registry.npmjs.org/basiclightbox/-/basiclightbox-5.0.4.tgz",
      "integrity": "sha512-EsuNWmfcFXWZOe0txKXsllYOC7bDpoaVLc4HHHlYKB/roymlZs+FBdLUU6rx2yPpnJZhulwheKdPjqr2k0+NGQ=="
    },
    "node_modules/simplelightbox": {
      "version": "2.12.1",
      "resolved": "https://registry.npmjs.org/simplelightbox/-/simplelightbox-2.12.1.tgz",
      "integrity": "sha512-eakBM55H6xc6j79tj1Mo82J2GeUyujyOMW26s+Z7HGNMwsXBxA+oQJ0q7w3L9joKAtmceLWZUrnZnQBm4PnfCA=="
    }
  },
  "dependencies": {
    "@types/basiclightbox": {
      "version": "5.0.1",
      "resolved": "https://registry.npmjs.org/@types/basiclightbox/-/basiclightbox-5.0.1.tgz",
      "integrity": "sha512-77kVrFQyD76bD6uMlYiAAUjZkbO0YrOWT/fYYxHzFtR+CQ32jVhwClCkIbkQJ81uYFaBgJZhyzxKIrd8s85B3A==",
      "dev": true
    },
    "basiclightbox": {
      "version": "5.0.4",
      "resolved": "https://registry.npmjs.org/basiclightbox/-/basiclightbox-5.0.4.tgz",
      "integrity": "sha512-EsuNWmfcFXWZOe0txKXsllYOC7bDpoaVLc4HHHlYKB/roymlZs+FBdLUU6rx2yPpnJZhulwheKdPjqr2k0+NGQ=="
    },
    "simplelightbox": {
      "version": "2.12.1",
      "resolved": "https://registry.npmjs.org/simplelightbox/-/simplelightbox-2.12.1.tgz",
      "integrity": "sha512-eakBM55H6xc6j79tj1Mo82J2GeUyujyOMW26s+Z7HGNMwsXBxA+oQJ0q7w3L9joKAtmceLWZUrnZnQBm4PnfCA=="
    }
  }
}
